
Microsoft Visual Studio Solution File, Format Version 12.00
Project("{2150E333-8FDC-42A3-9474-1A3956D46DE8}") = "Items", "Items", "{F44E4F9C-6F34-4293-88C0-319745B369A7}"
ProjectSection(SolutionItems) = preProject
	..\.gitignore = ..\.gitignore
	..\README.md = ..\README.md
EndProjectSection
EndProject
Project("{FAE04EC0-301F-11D3-BF4B-00C04F79EFBC}") = "IAP.NET", "IAP.NET\IAP.NET.csproj", "{197DF144-779B-4762-8060-1A2564EB3EB0}"
EndProject
Global
	GlobalSection(SolutionConfigurationPlatforms) = preSolution
		Debug|Any CPU = Debug|Any CPU
		Release|Any CPU = Release|Any CPU
	EndGlobalSection
	GlobalSection(ProjectConfigurationPlatforms) = postSolution
		{197DF144-779B-4762-8060-1A2564EB3EB0}.Debug|Any CPU.ActiveCfg = Debug|Any CPU
		{197DF144-779B-4762-8060-1A2564EB3EB0}.Debug|Any CPU.Build.0 = Debug|Any CPU
	EndGlobalSection
EndGlobal
